
Microsoft Visual Studio Solution File, Format Version 12.00
# Visual Studio Version 16
VisualStudioVersion = 16.0.31702.278
MinimumVisualStudioVersion = 10.0.40219.1
Project("{FAE04EC0-301F-11D3-BF4B-00C04F79EFBC}") = "PhoneShop", "PhoneShop\PhoneShop.csproj", "{B3C72602-1717-4DDD-A0E3-9C62661C41BD}"
EndProject
Project("{FAE04EC0-301F-11D3-BF4B-00C04F79EFBC}") = "PhoneShop.Tests", "PhoneShop.Tests\PhoneShop.Tests.csproj", "{658CE1ED-DCAB-4E9C-82B8-2FE4333E5505}"
EndProject
Global
	GlobalSection(SolutionConfigurationPlatforms) = preSolution
		Debug|Any CPU = Debug|Any CPU
		Release|Any CPU = Release|Any CPU
	EndGlobalSection
	GlobalSection(ProjectConfigurationPlatforms) = postSolution
		{B3C72602-1717-4DDD-A0E3-9C62661C41BD}.Debug|Any CPU.ActiveCfg = Debug|Any CPU
		{B3C72602-1717-4DDD-A0E3-9C62661C41BD}.Debug|Any CPU.Build.0 = Debug|Any CPU
		{B3C72602-1717-4DDD-A0E3-9C62661C41BD}.Release|Any CPU.ActiveCfg = Release|Any CPU
		{B3C72602-1717-4DDD-A0E3-9C62661C41BD}.Release|Any CPU.Build.0 = Release|Any CPU
		{658CE1ED-DCAB-4E9C-82B8-2FE4333E5505}.Debug|Any CPU.ActiveCfg = Debug|Any CPU
		{658CE1ED-DCAB-4E9C-82B8-2FE4333E5505}.Debug|Any CPU.Build.0 = Debug|Any CPU
		{658CE1ED-DCAB-4E9C-82B8-2FE4333E5505}.Release|Any CPU.ActiveCfg = Release|Any CPU
		{658CE1ED-DCAB-4E9C-82B8-2FE4333E5505}.Release|Any CPU.Build.0 = Release|Any CPU
	EndGlobalSection
	GlobalSection(SolutionProperties) = preSolution
		HideSolutionNode = FALSE
	EndGlobalSection
	GlobalSection(ExtensibilityGlobals) = postSolution
		SolutionGuid = {FA3BAA73-8DBE-4252-96C3-3B26239E8C7E}
	EndGlobalSection
EndGlobal
